
Microsoft Visual Studio Solution File, Format Version 11.00
# Visual Studio 2010
Project("{8BC9CEB8-8B4A-11D0-8D11-00A0C91BC942}") = "COM communication", "COM communication\COM communication.vcxproj", "{23150645-09E0-41A1-AE3C-A82C9C5AD873}"
EndProject
Global
	GlobalSection(SolutionConfigurationPlatforms) = preSolution
		Debug|Win32 = Debug|Win32
		Release|Win32 = Release|Win32
	EndGlobalSection
	GlobalSection(ProjectConfigurationPlatforms) = postSolution
		{23150645-09E0-41A1-AE3C-A82C9C5AD873}.Debug|Win32.ActiveCfg = Debug|Win32
		{23150645-09E0-41A1-AE3C-A82C9C5AD873}.Debug|Win32.Build.0 = Debug|Win32
		{23150645-09E0-41A1-AE3C-A82C9C5AD873}.Release|Win32.ActiveCfg = Release|Win32
		{23150645-09E0-41A1-AE3C-A82C9C5AD873}.Release|Win32.Build.0 = Release|Win32
	EndGlobalSection
	GlobalSection(SolutionProperties) = preSolution
		HideSolutionNode = FALSE
	EndGlobalSection
EndGlobal
